
Microsoft Visual Studio Solution File, Format Version 12.00
# Visual Studio Version 17
VisualStudioVersion = 17.6.33723.286
MinimumVisualStudioVersion = 10.0.40219.1
Project("{FAE04EC0-301F-11D3-BF4B-00C04F79EFBC}") = "StanOK", "StanOK\StanOK.csproj", "{8ECB84C1-8FC4-472E-BFE4-F85210ED2AEF}"
EndProject
Global
	GlobalSection(SolutionConfigurationPlatforms) = preSolution
		Debug|Any CPU = Debug|Any CPU
		Release|Any CPU = Release|Any CPU
	EndGlobalSection
	GlobalSection(ProjectConfigurationPlatforms) = postSolution
		{8ECB84C1-8FC4-472E-BFE4-F85210ED2AEF}.Debug|Any CPU.ActiveCfg = Debug|Any CPU
		{8ECB84C1-8FC4-472E-BFE4-F85210ED2AEF}.Debug|Any CPU.Build.0 = Debug|Any CPU
		{8ECB84C1-8FC4-472E-BFE4-F85210ED2AEF}.Release|Any CPU.ActiveCfg = Release|Any CPU
		{8ECB84C1-8FC4-472E-BFE4-F85210ED2AEF}.Release|Any CPU.Build.0 = Release|Any CPU
	EndGlobalSection
	GlobalSection(SolutionProperties) = preSolution
		HideSolutionNode = FALSE
	EndGlobalSection
	GlobalSection(ExtensibilityGlobals) = postSolution
		SolutionGuid = {829259B1-0EC9-4A5A-A1E0-0194BD26D715}
	EndGlobalSection
EndGlobal
